
Microsoft Visual Studio Solution File, Format Version 12.00
# Visual Studio Version 17
VisualStudioVersion = 17.4.33205.214
MinimumVisualStudioVersion = 10.0.40219.1
Project("{FAE04EC0-301F-11D3-BF4B-00C04F79EFBC}") = "LeetCode", "LeetCode\LeetCode.csproj", "{7EE4DC0D-3597-47A2-96C2-39AB933B6B60}"
EndProject
Project("{FAE04EC0-301F-11D3-BF4B-00C04F79EFBC}") = "LeetCodeTests", "LeetCodeTests\LeetCodeTests.csproj", "{9307B04B-9AF4-4529-8878-EED198C49861}"
EndProject
Global
	GlobalSection(SolutionConfigurationPlatforms) = preSolution
		Debug|Any CPU = Debug|Any CPU
		Release|Any CPU = Release|Any CPU
	EndGlobalSection
	GlobalSection(ProjectConfigurationPlatforms) = postSolution
		{7EE4DC0D-3597-47A2-96C2-39AB933B6B60}.Debug|Any CPU.ActiveCfg = Debug|Any CPU
		{7EE4DC0D-3597-47A2-96C2-39AB933B6B60}.Debug|Any CPU.Build.0 = Debug|Any CPU
		{7EE4DC0D-3597-47A2-96C2-39AB933B6B60}.Release|Any CPU.ActiveCfg = Release|Any CPU
		{7EE4DC0D-3597-47A2-96C2-39AB933B6B60}.Release|Any CPU.Build.0 = Release|Any CPU
		{9307B04B-9AF4-4529-8878-EED198C49861}.Debug|Any CPU.ActiveCfg = Debug|Any CPU
		{9307B04B-9AF4-4529-8878-EED198C49861}.Debug|Any CPU.Build.0 = Debug|Any CPU
		{9307B04B-9AF4-4529-8878-EED198C49861}.Release|Any CPU.ActiveCfg = Release|Any CPU
		{9307B04B-9AF4-4529-8878-EED198C49861}.Release|Any CPU.Build.0 = Release|Any CPU
	EndGlobalSection
	GlobalSection(SolutionProperties) = preSolution
		HideSolutionNode = FALSE
	EndGlobalSection
	GlobalSection(ExtensibilityGlobals) = postSolution
		SolutionGuid = {3062785D-33EA-4867-B073-34038C3081DF}
	EndGlobalSection
EndGlobal
